
Microsoft Visual Studio Solution File, Format Version 11.00
# Visual Studio 2010
Project("{FAE04EC0-301F-11D3-BF4B-00C04F79EFBC}") = "HerobotGalaxy", "HerobotGalaxy\HerobotGalaxy\HerobotGalaxy.csproj", "{8AD65E6A-C810-4057-84EB-821A4FD6E17B}"
EndProject
Project("{FAE04EC0-301F-11D3-BF4B-00C04F79EFBC}") = "HerobotGalaxyLib", "HerobotGalaxy\HerobotGalaxyLib\HerobotGalaxyLib.csproj", "{6AD047C0-DEB4-4292-AE61-A5DF924F807D}"
EndProject
Project("{96E2B04D-8817-42C6-938A-82C39BA4D311}") = "HerobotGalaxyLibContent", "HerobotGalaxy\HerobotGalaxyLibContent\HerobotGalaxyLibContent.contentproj", "{00523200-8D1F-41DA-81E0-6F53AFEF3098}"
EndProject
Global
	GlobalSection(SolutionConfigurationPlatforms) = preSolution
		Debug|Any CPU = Debug|Any CPU
		Debug|Mixed Platforms = Debug|Mixed Platforms
		Debug|Windows Phone = Debug|Windows Phone
		Release|Any CPU = Release|Any CPU
		Release|Mixed Platforms = Release|Mixed Platforms
		Release|Windows Phone = Release|Windows Phone
	EndGlobalSection
	GlobalSection(ProjectConfigurationPlatforms) = postSolution
		{8AD65E6A-C810-4057-84EB-821A4FD6E17B}.Debug|Any CPU.ActiveCfg = Debug|Any CPU
		{8AD65E6A-C810-4057-84EB-821A4FD6E17B}.Debug|Any CPU.Build.0 = Debug|Any CPU
		{8AD65E6A-C810-4057-84EB-821A4FD6E17B}.Debug|Any CPU.Deploy.0 = Debug|Any CPU
		{8AD65E6A-C810-4057-84EB-821A4FD6E17B}.Debug|Mixed Platforms.ActiveCfg = Debug|Any CPU
		{8AD65E6A-C810-4057-84EB-821A4FD6E17B}.Debug|Mixed Platforms.Build.0 = Debug|Any CPU
		{8AD65E6A-C810-4057-84EB-821A4FD6E17B}.Debug|Mixed Platforms.Deploy.0 = Debug|Any CPU
		{8AD65E6A-C810-4057-84EB-821A4FD6E17B}.Debug|Windows Phone.ActiveCfg = Debug|Any CPU
		{8AD65E6A-C810-4057-84EB-821A4FD6E17B}.Release|Any CPU.ActiveCfg = Release|Any CPU
		{8AD65E6A-C810-4057-84EB-821A4FD6E17B}.Release|Any CPU.Build.0 = Release|Any CPU
		{8AD65E6A-C810-4057-84EB-821A4FD6E17B}.Release|Any CPU.Deploy.0 = Release|Any CPU
		{8AD65E6A-C810-4057-84EB-821A4FD6E17B}.Release|Mixed Platforms.ActiveCfg = Release|Any CPU
		{8AD65E6A-C810-4057-84EB-821A4FD6E17B}.Release|Mixed Platforms.Build.0 = Release|Any CPU
		{8AD65E6A-C810-4057-84EB-821A4FD6E17B}.Release|Mixed Platforms.Deploy.0 = Release|Any CPU
		{8AD65E6A-C810-4057-84EB-821A4FD6E17B}.Release|Windows Phone.ActiveCfg = Release|Any CPU
		{6AD047C0-DEB4-4292-AE61-A5DF924F807D}.Debug|Any CPU.ActiveCfg = Debug|Windows Phone
		{6AD047C0-DEB4-4292-AE61-A5DF924F807D}.Debug|Mixed Platforms.ActiveCfg = Debug|Windows Phone
		{6AD047C0-DEB4-4292-AE61-A5DF924F807D}.Debug|Mixed Platforms.Build.0 = Debug|Windows Phone
		{6AD047C0-DEB4-4292-AE61-A5DF924F807D}.Debug|Windows Phone.ActiveCfg = Debug|Windows Phone
		{6AD047C0-DEB4-4292-AE61-A5DF924F807D}.Debug|Windows Phone.Build.0 = Debug|Windows Phone
		{6AD047C0-DEB4-4292-AE61-A5DF924F807D}.Release|Any CPU.ActiveCfg = Release|Windows Phone
		{6AD047C0-DEB4-4292-AE61-A5DF924F807D}.Release|Mixed Platforms.ActiveCfg = Release|Windows Phone
		{6AD047C0-DEB4-4292-AE61-A5DF924F807D}.Release|Mixed Platforms.Build.0 = Release|Windows Phone
		{6AD047C0-DEB4-4292-AE61-A5DF924F807D}.Release|Windows Phone.ActiveCfg = Release|Windows Phone
		{6AD047C0-DEB4-4292-AE61-A5DF924F807D}.Release|Windows Phone.Build.0 = Release|Windows Phone
		{00523200-8D1F-41DA-81E0-6F53AFEF3098}.Debug|Any CPU.ActiveCfg = Debug|Windows Phone
		{00523200-8D1F-41DA-81E0-6F53AFEF3098}.Debug|Mixed Platforms.ActiveCfg = Debug|Windows Phone
		{00523200-8D1F-41DA-81E0-6F53AFEF3098}.Debug|Windows Phone.ActiveCfg = Debug|Windows Phone
		{00523200-8D1F-41DA-81E0-6F53AFEF3098}.Release|Any CPU.ActiveCfg = Release|Windows Phone
		{00523200-8D1F-41DA-81E0-6F53AFEF3098}.Release|Mixed Platforms.ActiveCfg = Release|Windows Phone
		{00523200-8D1F-41DA-81E0-6F53AFEF3098}.Release|Windows Phone.ActiveCfg = Release|Windows Phone
	EndGlobalSection
	GlobalSection(SolutionProperties) = preSolution
		HideSolutionNode = FALSE
	EndGlobalSection
EndGlobal
